Microsoft Visual Studio Solution File, Format Version 12.00
# Visual Studio 2012
Project("{FAE04EC0-301F-11D3-BF4B-00C04F79EFBC}") = "Item Toss", "Item Toss.csproj", "{0DF1724C-37F6-40E4-A3B7-B1CF50FF42FA}"
EndProject
Global
	GlobalSection(SolutionConfigurationPlatforms) = preSolution
	Debug|Any CPU = Debug|Any CPU
	ExportDebug|Any CPU = ExportDebug|Any CPU
	ExportRelease|Any CPU = ExportRelease|Any CPU
	EndGlobalSection
	GlobalSection(ProjectConfigurationPlatforms) = postSolution
		{0DF1724C-37F6-40E4-A3B7-B1CF50FF42FA}.Debug|Any CPU.ActiveCfg = Debug|Any CPU
		{0DF1724C-37F6-40E4-A3B7-B1CF50FF42FA}.Debug|Any CPU.Build.0 = Debug|Any CPU
		{0DF1724C-37F6-40E4-A3B7-B1CF50FF42FA}.ExportDebug|Any CPU.ActiveCfg = ExportDebug|Any CPU
		{0DF1724C-37F6-40E4-A3B7-B1CF50FF42FA}.ExportDebug|Any CPU.Build.0 = ExportDebug|Any CPU
		{0DF1724C-37F6-40E4-A3B7-B1CF50FF42FA}.ExportRelease|Any CPU.ActiveCfg = ExportRelease|Any CPU
		{0DF1724C-37F6-40E4-A3B7-B1CF50FF42FA}.ExportRelease|Any CPU.Build.0 = ExportRelease|Any CPU
	EndGlobalSection
EndGlobal
